
Microsoft Visual Studio Solution File, Format Version 12.00
# Visual Studio Version 17
VisualStudioVersion = 17.4.33122.133
MinimumVisualStudioVersion = 10.0.40219.1
Project("{FAE04EC0-301F-11D3-BF4B-00C04F79EFBC}") = "Pipe Samples Generator", "Pipe Samples Generator.csproj", "{A295136E-5F82-433C-9B7C-311A8667E309}"
EndProject
Global
	GlobalSection(SolutionConfigurationPlatforms) = preSolution
		Debug|Any CPU = Debug|Any CPU
		Release|Any CPU = Release|Any CPU
	EndGlobalSection
	GlobalSection(ProjectConfigurationPlatforms) = postSolution
		{A295136E-5F82-433C-9B7C-311A8667E309}.Debug|Any CPU.ActiveCfg = Debug|Any CPU
		{A295136E-5F82-433C-9B7C-311A8667E309}.Debug|Any CPU.Build.0 = Debug|Any CPU
		{A295136E-5F82-433C-9B7C-311A8667E309}.Release|Any CPU.ActiveCfg = Release|Any CPU
		{A295136E-5F82-433C-9B7C-311A8667E309}.Release|Any CPU.Build.0 = Release|Any CPU
	EndGlobalSection
	GlobalSection(SolutionProperties) = preSolution
		HideSolutionNode = FALSE
	EndGlobalSection
	GlobalSection(ExtensibilityGlobals) = postSolution
		SolutionGuid = {33E961C4-B87A-4AE8-A9EA-613867D69B61}
	EndGlobalSection
EndGlobal
